<?xml version="1.0" encoding="utf-8"?>
<Project ToolsVersion="4.0" xmlns="http://schemas.microsoft.com/developer/msbuild/2003">
  <ItemGroup>
    <Filter Include="Source Files">
      <UniqueIdentifier>{4FC737F1-C7A5-4376-A066-2A32D752A2FF}</UniqueIdentifier>
      <Extensions>cpp;c;cc;cxx;def;odl;idl;hpj;bat;asm;asmx</Extensions>
    </Filter>
    <Filter Include="Header Files">
      <UniqueIdentifier>{93995380-89BD-4b04-88EB-625FBE52EBFB}</UniqueIdentifier>
      <Extensions>h;hpp;hxx;hm;inl;inc;xsd</Extensions>
    </Filter>
    <Filter Include="Resource Files">
      <UniqueIdentifier>{67DA6AB6-F800-4c08-8B7A-83BB121AAD01}</UniqueIdentifier>
      <Extensions>rc;ico;cur;bmp;dlg;rc2;rct;bin;rgs;gif;jpg;jpeg;jpe;resx;tiff;tif;png;wav;mfcribbon-ms</Extensions>
    </Filter>
    <Filter Include="Driver Files">
      <UniqueIdentifier>{8E41214B-6785-4CFE-B992-037D68949A14}</UniqueIdentifier>
      <Extensions>inf;inv;inx;mof;mc;</Extensions>
    </Filter>
    <Filter Include="Header Files\Hypercall">
      <UniqueIdentifier>{bd70d82c-9e2f-4f55-9f16-f43aa36d35c9}</UniqueIdentifier>
    </Filter>
    <Filter Include="Source Files\Hypercall">
      <UniqueIdentifier>{224e2c0f-e3af-47f8-aa05-7a7d32d204f3}</UniqueIdentifier>
    </Filter>
  </ItemGroup>
  <ItemGroup>
    <Inf Include="HyperViperDriver.inf">
      <Filter>Driver Files</Filter>
    </Inf>
  </ItemGroup>
  <ItemGroup>
    <ClInclude Include="Driver.h">
      <Filter>Header Files</Filter>
    </ClInclude>
    <ClInclude Include="HypercallCore.h">
      <Filter>Header Files\Hypercall</Filter>
    </ClInclude>
    <ClInclude Include="OsPointers.h">
      <Filter>Header Files</Filter>
    </ClInclude>
    <ClInclude Include="HypercallHook.h">
      <Filter>Header Files\Hypercall</Filter>
    </ClInclude>
    <ClInclude Include="Mutation.h">
      <Filter>Header Files</Filter>
    </ClInclude>
    <ClInclude Include="Random.h">
      <Filter>Header Files</Filter>
    </ClInclude>
    <ClInclude Include="HypercallFuzzing.h">
      <Filter>Header Files\Hypercall</Filter>
    </ClInclude>
    <ClInclude Include="HypercallMonitor.h">
      <Filter>Header Files\Hypercall</Filter>
    </ClInclude>
    <ClInclude Include="DevIoCtrlHandler.h">
      <Filter>Header Files</Filter>
    </ClInclude>
    <ClInclude Include="Memory.h">
      <Filter>Header Files</Filter>
    </ClInclude>
    <ClInclude Include="CodeStolenFromOthers.h">
      <Filter>Header Files</Filter>
    </ClInclude>
  </ItemGroup>
  <ItemGroup>
    <ClCompile Include="Driver.cpp">
      <Filter>Source Files</Filter>
    </ClCompile>
    <ClCompile Include="HypercallCore.cpp">
      <Filter>Source Files\Hypercall</Filter>
    </ClCompile>
    <ClCompile Include="OsPointers.cpp">
      <Filter>Source Files</Filter>
    </ClCompile>
    <ClCompile Include="HypercallHook.cpp">
      <Filter>Source Files\Hypercall</Filter>
    </ClCompile>
    <ClCompile Include="Mutation.cpp">
      <Filter>Source Files</Filter>
    </ClCompile>
    <ClCompile Include="Random.cpp">
      <Filter>Source Files</Filter>
    </ClCompile>
    <ClCompile Include="HypercallFuzzing.cpp">
      <Filter>Source Files\Hypercall</Filter>
    </ClCompile>
    <ClCompile Include="HypercallMonitor.cpp">
      <Filter>Source Files\Hypercall</Filter>
    </ClCompile>
    <ClCompile Include="DevIoCtrlHandler.cpp">
      <Filter>Source Files</Filter>
    </ClCompile>
    <ClCompile Include="Memory.cpp">
      <Filter>Source Files</Filter>
    </ClCompile>
    <ClCompile Include="CodeStolenFromOthers.cpp">
      <Filter>Source Files</Filter>
    </ClCompile>
  </ItemGroup>
  <ItemGroup>
    <MASM Include="AssemblyFuncs.asm">
      <Filter>Source Files</Filter>
    </MASM>
  </ItemGroup>
</Project>